
Microsoft Visual Studio Solution File, Format Version 12.00
# Visual Studio Version 16
VisualStudioVersion = 16.0.31702.278
MinimumVisualStudioVersion = 10.0.40219.1
Project("{FAE04EC0-301F-11D3-BF4B-00C04F79EFBC}") = "demoapp", "demoapp\demoapp.csproj", "{94D43961-9C88-4215-8B24-0A09E3D3607D}"
EndProject
Global
	GlobalSection(SolutionConfigurationPlatforms) = preSolution
		Debug|Any CPU = Debug|Any CPU
		Release|Any CPU = Release|Any CPU
	EndGlobalSection
	GlobalSection(ProjectConfigurationPlatforms) = postSolution
		{94D43961-9C88-4215-8B24-0A09E3D3607D}.Debug|Any CPU.ActiveCfg = Debug|Any CPU
		{94D43961-9C88-4215-8B24-0A09E3D3607D}.Debug|Any CPU.Build.0 = Debug|Any CPU
		{94D43961-9C88-4215-8B24-0A09E3D3607D}.Release|Any CPU.ActiveCfg = Release|Any CPU
		{94D43961-9C88-4215-8B24-0A09E3D3607D}.Release|Any CPU.Build.0 = Release|Any CPU
	EndGlobalSection
	GlobalSection(SolutionProperties) = preSolution
		HideSolutionNode = FALSE
	EndGlobalSection
	GlobalSection(ExtensibilityGlobals) = postSolution
		SolutionGuid = {5215CAF9-692A-4250-A3E4-A442792AF293}
	EndGlobalSection
EndGlobal
